
Microsoft Visual Studio Solution File, Format Version 12.00
# Visual Studio Version 16
VisualStudioVersion = 16.0.29905.134
MinimumVisualStudioVersion = 10.0.40219.1
Project("{9A19103F-16F7-4668-BE54-9A1E7A4F7556}") = "FlameReactor", "FlameReactor\FlameReactor.csproj", "{421F142F-C199-4209-991F-8F52B8EB988E}"
EndProject
Project("{9A19103F-16F7-4668-BE54-9A1E7A4F7556}") = "FlameReactor.CLI", "FlameReactor.CLI\FlameReactor.CLI.csproj", "{4A4C1A32-3F14-4F09-BEFD-28938F3B6F06}"
EndProject
Project("{9A19103F-16F7-4668-BE54-9A1E7A4F7556}") = "FlameReactor.WebUI", "FlameReactor.WebUI\FlameReactor.WebUI.csproj", "{0962816D-D307-41AA-A205-C06EFA33935B}"
EndProject
Project("{FAE04EC0-301F-11D3-BF4B-00C04F79EFBC}") = "FlameReactor.DB", "FlameReactor.DB\FlameReactor.DB.csproj", "{C1D7F07D-E69F-4FFE-AD46-4A3F37A229A5}"
EndProject
Project("{FAE04EC0-301F-11D3-BF4B-00C04F79EFBC}") = "FlameReactor.TwitterBot", "FlameReactor.TwitterBot\FlameReactor.TwitterBot.csproj", "{F225CE32-BB56-4CF8-A6E6-1C539583DFAD}"
EndProject
Global
	GlobalSection(SolutionConfigurationPlatforms) = preSolution
		Debug|Any CPU = Debug|Any CPU
		Release|Any CPU = Release|Any CPU
	EndGlobalSection
	GlobalSection(ProjectConfigurationPlatforms) = postSolution
		{421F142F-C199-4209-991F-8F52B8EB988E}.Debug|Any CPU.ActiveCfg = Debug|Any CPU
		{421F142F-C199-4209-991F-8F52B8EB988E}.Debug|Any CPU.Build.0 = Debug|Any CPU
		{421F142F-C199-4209-991F-8F52B8EB988E}.Release|Any CPU.ActiveCfg = Release|Any CPU
		{421F142F-C199-4209-991F-8F52B8EB988E}.Release|Any CPU.Build.0 = Release|Any CPU
		{4A4C1A32-3F14-4F09-BEFD-28938F3B6F06}.Debug|Any CPU.ActiveCfg = Debug|Any CPU
		{4A4C1A32-3F14-4F09-BEFD-28938F3B6F06}.Debug|Any CPU.Build.0 = Debug|Any CPU
		{4A4C1A32-3F14-4F09-BEFD-28938F3B6F06}.Release|Any CPU.ActiveCfg = Release|Any CPU
		{4A4C1A32-3F14-4F09-BEFD-28938F3B6F06}.Release|Any CPU.Build.0 = Release|Any CPU
		{0962816D-D307-41AA-A205-C06EFA33935B}.Debug|Any CPU.ActiveCfg = Debug|Any CPU
		{0962816D-D307-41AA-A205-C06EFA33935B}.Debug|Any CPU.Build.0 = Debug|Any CPU
		{0962816D-D307-41AA-A205-C06EFA33935B}.Release|Any CPU.ActiveCfg = Release|Any CPU
		{0962816D-D307-41AA-A205-C06EFA33935B}.Release|Any CPU.Build.0 = Release|Any CPU
		{C1D7F07D-E69F-4FFE-AD46-4A3F37A229A5}.Debug|Any CPU.ActiveCfg = Debug|Any CPU
		{C1D7F07D-E69F-4FFE-AD46-4A3F37A229A5}.Debug|Any CPU.Build.0 = Debug|Any CPU
		{C1D7F07D-E69F-4FFE-AD46-4A3F37A229A5}.Release|Any CPU.ActiveCfg = Release|Any CPU
		{C1D7F07D-E69F-4FFE-AD46-4A3F37A229A5}.Release|Any CPU.Build.0 = Release|Any CPU
		{F225CE32-BB56-4CF8-A6E6-1C539583DFAD}.Debug|Any CPU.ActiveCfg = Debug|Any CPU
		{F225CE32-BB56-4CF8-A6E6-1C539583DFAD}.Debug|Any CPU.Build.0 = Debug|Any CPU
		{F225CE32-BB56-4CF8-A6E6-1C539583DFAD}.Release|Any CPU.ActiveCfg = Release|Any CPU
		{F225CE32-BB56-4CF8-A6E6-1C539583DFAD}.Release|Any CPU.Build.0 = Release|Any CPU
	EndGlobalSection
	GlobalSection(SolutionProperties) = preSolution
		HideSolutionNode = FALSE
	EndGlobalSection
	GlobalSection(ExtensibilityGlobals) = postSolution
		SolutionGuid = {2534AF6B-D3AF-4083-A16C-AA4D4A3BB253}
	EndGlobalSection
EndGlobal
